{
  "projects": [
    {
      "projectId": "28Ba3BDvRe7EiWdfFNnLB6",
      "version": "2.0.1",
      "dependencies": {},
      "lang": "ts",
      "fileLocks": [
        {
          "assetId": "28Ba3BDvRe7EiWdfFNnLB6",
          "type": "projectCss",
          "checksum": "06dab28be1d7e0fe1dcd6bae7d78adeb"
        }
      ],
      "codegenVersion": "0.0.1"
    },
    {
      "projectId": "dg9YtSNXc6dazeT5TWG9ym",
      "version": "latest",
      "dependencies": {
        "28Ba3BDvRe7EiWdfFNnLB6": "2.0.1"
      },
      "lang": "ts",
      "fileLocks": [
        {
          "type": "globalVariant",
          "assetId": "33huqbfL6RsH_",
          "checksum": "5a8457020bb342622577a0aebd353443"
        },
        {
          "type": "renderModule",
          "assetId": "hjoGpmwmLZd2_",
          "checksum": "cd310f6d7456d5bb48f5b2436cd2c958"
        },
        {
          "type": "cssRules",
          "assetId": "hjoGpmwmLZd2_",
          "checksum": "cd310f6d7456d5bb48f5b2436cd2c958"
        },
        {
          "type": "renderModule",
          "assetId": "8Is3JhhhO8",
          "checksum": "6dfee5d534e7032339493a030b00ca1b"
        },
        {
          "type": "cssRules",
          "assetId": "8Is3JhhhO8",
          "checksum": "6dfee5d534e7032339493a030b00ca1b"
        },
        {
          "type": "icon",
          "assetId": "acbDaG0GYIn_5",
          "checksum": "b99201868cec6c0b7c1a3360c139a995"
        },
        {
          "type": "icon",
          "assetId": "5Xl52El9D",
          "checksum": "4f7d40a7340d7be2bd4999036bd64717"
        },
        {
          "type": "icon",
          "assetId": "eYsRcLe4eP",
          "checksum": "822dcfb8b50dd835ccedbb2bfbd1da61"
        },
        {
          "type": "image",
          "assetId": "HdYR4V1d-P",
          "checksum": "53934e4180e0edfcc12cf3ed9e5ba4fa"
        },
        {
          "assetId": "dg9YtSNXc6dazeT5TWG9ym",
          "type": "projectCss",
          "checksum": "211d0bc7a2ccf027c494d9fd7e530883"
        },
        {
          "type": "renderModule",
          "assetId": "u1DvWpKgNeq",
          "checksum": "6a9561bd37c915bcf18993f62b9dd190"
        },
        {
          "type": "cssRules",
          "assetId": "u1DvWpKgNeq",
          "checksum": "6a9561bd37c915bcf18993f62b9dd190"
        },
        {
          "type": "renderModule",
          "assetId": "hBQdWS-R4a9",
          "checksum": "6788a8bf2a95ad7804e62db57a03361d"
        },
        {
          "type": "cssRules",
          "assetId": "hBQdWS-R4a9",
          "checksum": "6788a8bf2a95ad7804e62db57a03361d"
        },
        {
          "type": "icon",
          "assetId": "Q-5LfjBcmfs",
          "checksum": "5c34b1945f16a1147afa70d012c4b4ce"
        },
        {
          "type": "icon",
          "assetId": "vDlkk4NcY5X",
          "checksum": "7a610aec3fabc4e7bc7015c2f1fdb029"
        },
        {
          "type": "icon",
          "assetId": "mRrwTVQ6oL",
          "checksum": "62e0cffc9e9fc081fd7287310ec1b0ca"
        }
      ],
      "codegenVersion": "0.0.1"
    }
  ],
  "cliVersion": "0.1.176"
}
